version = 1
revision = 3
requires-python = ">=3.14"

[[package]]
name = "dnspython"
version = "2.8.0"
source = { registry = "https://pypi.org/simple" }
sdist = { url = "https://files.pythonhosted.org/packages/8c/8b/57666417c0f90f08bcafa776861060426765fdb422eb10212086fb811d26/dnspython-2.8.0.tar.gz", hash = "sha256:181d3c6996452cb1189c4046c61599b84a5a86e099562ffde77d26984ff26d0f", size = 368251, upload-time = "2025-09-07T18:58:00.022Z" }
wheels = [
    { url = "https://files.pythonhosted.org/packages/ba/5a/18ad964b0086c6e62e2e7500f7edc89e3faa45033c71c1893d34eed2b2de/dnspython-2.8.0-py3-none-any.whl", hash = "sha256:01d9bbc4a2d76bf0db7c1f729812ded6d912bd318d3b1cf81d30c0f845dbf3af", size = 331094, upload-time = "2025-09-07T18:57:58.071Z" },
]

[[package]]
name = "mysql-connector-python"
version = "9.5.0"
source = { registry = "https://pypi.org/simple" }
sdist = { url = "https://files.pythonhosted.org/packages/39/33/b332b001bc8c5ee09255a0d4b09a254da674450edd6a3e5228b245ca82a0/mysql_connector_python-9.5.0.tar.gz", hash = "sha256:92fb924285a86d8c146ebd63d94f9eaefa548da7813bc46271508fdc6cc1d596", size = 12251077, upload-time = "2025-10-22T09:05:45.423Z" }
wheels = [
    { url = "https://files.pythonhosted.org/packages/14/42/52bef145028af1b8e633eb77773278a04b2cd9f824117209aba093018445/mysql_connector_python-9.5.0-cp314-cp314-macosx_14_0_arm64.whl", hash = "sha256:6effda35df1a96d9a096f04468d40f2324ea36b34d0e9632e81daae8be97b308", size = 17581903, upload-time = "2025-10-22T09:02:16.441Z" },
    { url = "https://files.pythonhosted.org/packages/f4/a6/bd800b42bde86bf2e9468dfabcbd7538c66daff9d1a9fc97d2cc897f96fa/mysql_connector_python-9.5.0-cp314-cp314-macosx_14_0_x86_64.whl", hash = "sha256:fd057bd042464eedbf5337d1ceea7f2a4ab075a1cf6d1d62ffd5184966a656dd", size = 18448394, upload-time = "2025-10-22T09:02:18.436Z" },
    { url = "https://files.pythonhosted.org/packages/4a/21/a1a3247775d0dfee094499cb915560755eaa1013ac3b03e34a98b0e16e49/mysql_connector_python-9.5.0-cp314-cp314-manylinux_2_28_aarch64.whl", hash = "sha256:2797dd7bbefb1d1669d984cfb284ea6b34401bbd9c1b3bf84e646d0bd3a82197", size = 33669845, upload-time = "2025-10-22T09:02:20.966Z" },
    { url = "https://files.pythonhosted.org/packages/58/b7/dcab48349ab8abafd6f40f113101549e0cf107e43dd9c7e1fae79799604b/mysql_connector_python-9.5.0-cp314-cp314-manylinux_2_28_x86_64.whl", hash = "sha256:a5fff063ed48281b7374a4da6b9ef4293d390c153f79b1589ee547ea08c92310", size = 34104103, upload-time = "2025-10-22T09:02:23.469Z" },
    { url = "https://files.pythonhosted.org/packages/21/3a/be129764fe5f5cd89a5aa3f58e7a7471284715f4af71097a980d24ebec0a/mysql_connector_python-9.5.0-cp314-cp314-win_amd64.whl", hash = "sha256:56104693478fd447886c470a6d0558ded0fe2577df44c18232a6af6a2bbdd3e9", size = 17001255, upload-time = "2025-10-22T09:02:25.765Z" },
    { url = "https://files.pythonhosted.org/packages/95/e1/45373c06781340c7b74fe9b88b85278ac05321889a307eaa5be079a997d4/mysql_connector_python-9.5.0-py2.py3-none-any.whl", hash = "sha256:ace137b88eb6fdafa1e5b2e03ac76ce1b8b1844b3a4af1192a02ae7c1a45bdee", size = 479047, upload-time = "2025-10-22T09:02:27.809Z" },
]

[[package]]
name = "mysql-to-nosql-migration"
version = "1.0.0"
source = { virtual = "." }
dependencies = [
    { name = "mysql-connector-python" },
    { name = "neo4j" },
    { name = "pymongo" },
    { name = "python-dotenv" },
]

[package.metadata]
requires-dist = [
    { name = "mysql-connector-python", specifier = ">=9.5.0" },
    { name = "neo4j", specifier = ">=6.0.3" },
    { name = "pymongo", specifier = ">=4.15.4" },
    { name = "python-dotenv", specifier = ">=1.2.1" },
]

[[package]]
name = "neo4j"
version = "6.0.3"
source = { registry = "https://pypi.org/simple" }
dependencies = [
    { name = "pytz" },
]
sdist = { url = "https://files.pythonhosted.org/packages/60/b2/87534fc0520e5f9db1432bacc3f8d0ce024608010babc4f65b96e0c34906/neo4j-6.0.3.tar.gz", hash = "sha256:7fb79e166e281aafd67d521f6611763ebcdc529f26db506c5605f91ddcd825ea", size = 239653, upload-time = "2025-11-06T16:57:57.012Z" }
wheels = [
    { url = "https://files.pythonhosted.org/packages/ba/fe/55ed1d4636defb57fae1f7be7818820aa8071d45949c91ef8649930e70c5/neo4j-6.0.3-py3-none-any.whl", hash = "sha256:a92023854da96aed4270e0d03d6429cdd7f0d3335eae977370934f4732de5678", size = 325433, upload-time = "2025-11-06T16:57:55.03Z" },
]

[[package]]
name = "pymongo"
version = "4.15.4"
source = { registry = "https://pypi.org/simple" }
dependencies = [
    { name = "dnspython" },
]
sdist = { url = "https://files.pythonhosted.org/packages/74/81/6d66e62a5d1c5323dca79e9fb34ac8211df76f6c16625f9499a37b796314/pymongo-4.15.4.tar.gz", hash = "sha256:6ba7cdf46f03f406f77969a8081cfb659af16c0eee26b79a0a14e25f6c00827b", size = 2471218, upload-time = "2025-11-11T20:52:37.31Z" }
wheels = [
    { url = "https://files.pythonhosted.org/packages/9f/e6/f315ea84656adcd18d5b5e8b362b47c36bf606843098688cc0809b28c8a8/pymongo-4.15.4-cp314-cp314-macosx_10_15_x86_64.whl", hash = "sha256:539f9fa5bb04a09fc2965cdcae3fc91d1c6a1f4f1965b34df377bc7119e3d7cd", size = 1029994, upload-time = "2025-11-11T20:51:36.808Z" },
    { url = "https://files.pythonhosted.org/packages/bb/0c/0c364db72cd80a503829885643478dd144a8bf05e1e853c89648a06ad34b/pymongo-4.15.4-cp314-cp314-macosx_11_0_arm64.whl", hash = "sha256:68354a77cf78424d27216b1cb7c9b0f67da16aae855045279ba8d73bb61f5ad0", size = 1029615, upload-time = "2025-11-11T20:51:38.551Z" },
    { url = "https://files.pythonhosted.org/packages/50/71/6f37eea22ffa5b136c1ca0a21ba390c273b582d800bc979961fbd46c9bcc/pymongo-4.15.4-cp314-cp314-manylinux1_i686.manylinux_2_28_i686.manylinux_2_5_i686.whl", hash = "sha256:a9a90d556c2ef1572d2aef525ef19477a82d659d117eb3a51fa99e617d07dc44", size = 2211805, upload-time = "2025-11-11T20:51:40.657Z" },
    { url = "https://files.pythonhosted.org/packages/24/09/3a538cb82766ce89559c4ca0d5694f782485080db6a8f628784dc7debba8/pymongo-4.15.4-cp314-cp314-manylinux2014_aarch64.manylinux_2_17_aarch64.manylinux_2_28_aarch64.whl", hash = "sha256:a1aac57614fb86a3fa707af3537c30eda5e7fd1be712c1f723296292ac057afe", size = 2264618, upload-time = "2025-11-11T20:51:42.651Z" },
    { url = "https://files.pythonhosted.org/packages/51/6b/66b4fe2d3c566ed655d95b1d8947dfea05642b05a285a3081d6cebc4f5da/pymongo-4.15.4-cp314-cp314-manylinux2014_ppc64le.manylinux_2_17_ppc64le.manylinux_2_28_ppc64le.whl", hash = "sha256:c6c21b49c5e021d9ce02cac33525c722d4c6887f7cde19a5a9154f66cb845e84", size = 2371810, upload-time = "2025-11-11T20:51:44.372Z" },
    { url = "https://files.pythonhosted.org/packages/92/2b/3989960c7de983c5cc05b2d43b26fa560fe9de433ee60b83259d6ee2cde3/pymongo-4.15.4-cp314-cp314-manylinux2014_s390x.manylinux_2_17_s390x.manylinux_2_28_s390x.whl", hash = "sha256:e93828768470026099119295c68ed0dbc0a50022558be5e334f6dbda054f1d32", size = 2351848, upload-time = "2025-11-11T20:51:46.548Z" },
    { url = "https://files.pythonhosted.org/packages/31/93/ee9f8a42eed6ecb8dda52e586a470bf88007a298b0f1a2c4ea1ff352af8e/pymongo-4.15.4-cp314-cp314-manylinux2014_x86_64.manylinux_2_17_x86_64.manylinux_2_28_x86_64.whl", hash = "sha256:11840e9eb5a650ac190f2a3473631073daddbabdbb2779b6709dfddd3ba3b872", size = 2251338, upload-time = "2025-11-11T20:51:48.335Z" },
    { url = "https://files.pythonhosted.org/packages/a0/36/c6609f632bcaffcdf9f7e67cb888402a1df049a7c3ff2f56067a0b451a59/pymongo-4.15.4-cp314-cp314-win32.whl", hash = "sha256:f0907b46df97b01911bf2e10ddbb23c2303629e482d81372031fd7f4313b9013", size = 992893, upload-time = "2025-11-11T20:51:50.775Z" },
    { url = "https://files.pythonhosted.org/packages/f0/23/4ec0f7c9bf3397b6cafaf714f5bfe0a9944e7af088daa01d258eec031118/pymongo-4.15.4-cp314-cp314-win_amd64.whl", hash = "sha256:111d7f65ccbde908546cb36d14e22f12a73a4de236fd056f41ed515d1365f134", size = 1021204, upload-time = "2025-11-11T20:51:52.691Z" },
    { url = "https://files.pythonhosted.org/packages/2b/71/3813d15fa5ce6fb5fb40775bedc95a1970790f5aba968d92b014a796aab6/pymongo-4.15.4-cp314-cp314-win_arm64.whl", hash = "sha256:c689a5d057ef013612b5aa58e6bf52f7fdb186e22039f1a3719985b5d0399932", size = 1000608, upload-time = "2025-11-11T20:51:54.442Z" },
    { url = "https://files.pythonhosted.org/packages/12/e7/10f3bc034fcec374dc46462b369205527478199a803169cb10e9e4b48c68/pymongo-4.15.4-cp314-cp314t-macosx_10_15_x86_64.whl", hash = "sha256:cdfa57760745387cde93615a48f622bf1eeae8ae28103a8a5100b9389eec22f9", size = 1086725, upload-time = "2025-11-11T20:51:57.266Z" },
    { url = "https://files.pythonhosted.org/packages/40/ee/b59cad7d46598d48708bd2a6559ea8b9cbb6fb9665d617b5a52b58de81b3/pymongo-4.15.4-cp314-cp314t-macosx_11_0_arm64.whl", hash = "sha256:4fd6ba610e5a54090c4055a15f38d19ad8bf11e6bbc5a173e945c755a16db455", size = 1086660, upload-time = "2025-11-11T20:51:59.114Z" },
    { url = "https://files.pythonhosted.org/packages/0a/84/58efbde2b52a577f9162bb9b97605b6669354bb171bc241a0dc2639536d7/pymongo-4.15.4-cp314-cp314t-manylinux1_i686.manylinux_2_28_i686.manylinux_2_5_i686.whl", hash = "sha256:bd3c7945b8a5563aa3951db26ba534372fba4c781473f5d55ce6340b7523cb0f", size = 2531617, upload-time = "2025-11-11T20:52:01.006Z" },
    { url = "https://files.pythonhosted.org/packages/f8/cd/7bd739d04b67c99f00c942465b8ab7659dc2c1ad80108b5f4f74eecdf9f3/pymongo-4.15.4-cp314-cp314t-manylinux2014_aarch64.manylinux_2_17_aarch64.manylinux_2_28_aarch64.whl", hash = "sha256:41e98a31e79d74e9d78bc1638b71c3a10a910eae7d3318e2ae8587c760931451", size = 2603756, upload-time = "2025-11-11T20:52:03.029Z" },
    { url = "https://files.pythonhosted.org/packages/4a/39/5a3b01f7e5fd464656421246516723c02067e85bbfb52d30da7d79b8336f/pymongo-4.15.4-cp314-cp314t-manylinux2014_ppc64le.manylinux_2_17_ppc64le.manylinux_2_28_ppc64le.whl", hash = "sha256:d18d89073b5e752391c237d2ee86ceec1e02a4ad764b3029f24419eedd12723e", size = 2725205, upload-time = "2025-11-11T20:52:04.968Z" },
    { url = "https://files.pythonhosted.org/packages/c7/a8/b06231d5ea48d0fcc47bf6c2cebfd8dbea3eda1a1d7bf786443cb9ef5b94/pymongo-4.15.4-cp314-cp314t-manylinux2014_s390x.manylinux_2_17_s390x.manylinux_2_28_s390x.whl", hash = "sha256:edbff27a56a80b8fe5c0319200c44e63b1349bf20db27d9734ddcf23c0d72b35", size = 2704793, upload-time = "2025-11-11T20:52:07.164Z" },
    { url = "https://files.pythonhosted.org/packages/d0/a3/c0ea0da1185d3be4e73923ab3b74f14f424b40f787c710690c83004f147a/pymongo-4.15.4-cp314-cp314t-manylinux2014_x86_64.manylinux_2_17_x86_64.manylinux_2_28_x86_64.whl", hash = "sha256:f1d75f5b51304176631c12e5bf47eed021446669e5f99379b76fd2bd3929c1b4", size = 2582263, upload-time = "2025-11-11T20:52:09.016Z" },
    { url = "https://files.pythonhosted.org/packages/c8/f7/29ce41f9e55b1dd912bed39b76e9326e23ff6c097c4a8de88b2c5bcd54e5/pymongo-4.15.4-cp314-cp314t-win32.whl", hash = "sha256:e1bf4e0689cc48e0cfa6aef17f107c298d8898de0c6e782ea5c98450ae93a62f", size = 1044009, upload-time = "2025-11-11T20:52:11.138Z" },
    { url = "https://files.pythonhosted.org/packages/01/71/3fade727cc4c7ac77fe19c4e3a6bbfb66d7f46796108ba106f236c64492f/pymongo-4.15.4-cp314-cp314t-win_amd64.whl", hash = "sha256:3fc347ea5eda6c3a7177c3a9e4e9b4e570a444a351effda4a898c2d352a1ccd1", size = 1078479, upload-time = "2025-11-11T20:52:13.324Z" },
    { url = "https://files.pythonhosted.org/packages/60/0f/d450350f103db4bb856cb1ee60c8b1fa68d5ac50c846896d74deba3e9950/pymongo-4.15.4-cp314-cp314t-win_arm64.whl", hash = "sha256:2d921b84c681c5385a6f7ba2b5740cb583544205a00877aad04b5b12ab86ad26", size = 1051155, upload-time = "2025-11-11T20:52:15.185Z" },
]

[[package]]
name = "python-dotenv"
version = "1.2.1"
source = { registry = "https://pypi.org/simple" }
sdist = { url = "https://files.pythonhosted.org/packages/f0/26/19cadc79a718c5edbec86fd4919a6b6d3f681039a2f6d66d14be94e75fb9/python_dotenv-1.2.1.tar.gz", hash = "sha256:42667e897e16ab0d66954af0e60a9caa94f0fd4ecf3aaf6d2d260eec1aa36ad6", size = 44221, upload-time = "2025-10-26T15:12:10.434Z" }
wheels = [
    { url = "https://files.pythonhosted.org/packages/14/1b/a298b06749107c305e1fe0f814c6c74aea7b2f1e10989cb30f544a1b3253/python_dotenv-1.2.1-py3-none-any.whl", hash = "sha256:b81ee9561e9ca4004139c6cbba3a238c32b03e4894671e181b671e8cb8425d61", size = 21230, upload-time = "2025-10-26T15:12:09.109Z" },
]

[[package]]
name = "pytz"
version = "2025.2"
source = { registry = "https://pypi.org/simple" }
sdist = { url = "https://files.pythonhosted.org/packages/f8/bf/abbd3cdfb8fbc7fb3d4d38d320f2441b1e7cbe29be4f23797b4a2b5d8aac/pytz-2025.2.tar.gz", hash = "sha256:360b9e3dbb49a209c21ad61809c7fb453643e048b38924c765813546746e81c3", size = 320884, upload-time = "2025-03-25T02:25:00.538Z" }
wheels = [
    { url = "https://files.pythonhosted.org/packages/81/c4/34e93fe5f5429d7570ec1fa436f1986fb1f00c3e0f43a589fe2bbcd22c3f/pytz-2025.2-py2.py3-none-any.whl", hash = "sha256:5ddf76296dd8c44c26eb8f4b6f35488f3ccbf6fbbd7adee0b7262d43f0ec2f00", size = 509225, upload-time = "2025-03-25T02:24:58.468Z" },
]
